// !$*UTF8*$!
{
	archiveVersion = 1;
	classes = {
	};
	objectVersion = 48;
	objects = {

/* Begin PBXBuildFile section */
		D8B136DA1FDC136200EEF89C /* libmpi.40.dylib in Frameworks */ = {isa = PBXBuildFile; fileRef = D8B136D91FDC136200EEF89C /* libmpi.40.dylib */; };
		D8B136DD1FDC5C4F00EEF89C /* bitonic.cpp in Sources */ = {isa = PBXBuildFile; fileRef = D8B136DB1FDC5C4F00EEF89C /* bitonic.cpp */; };
/* End PBXBuildFile section */

/* Begin PBXCopyFilesBuildPhase section */
		D8EB64F61FDBF6A30096264B /* CopyFiles */ = {
			isa = PBXCopyFilesBuildPhase;
			buildActionMask = 2147483647;
			dstPath = /usr/share/man/man1/;
			dstSubfolderSpec = 0;
			files = (
			);
			runOnlyForDeploymentPostprocessing = 1;
		};
/* End PBXCopyFilesBuildPhase section */

/* Begin PBXFileReference section */
		D8B136D91FDC136200EEF89C /* libmpi.40.dylib */ = {isa = PBXFileReference; lastKnownFileType = "compiled.mach-o.dylib"; name = libmpi.40.dylib; path = "../../../../../../../usr/local/Cellar/open-mpi/3.0.0/lib/libmpi.40.dylib"; sourceTree = "<group>"; };
		D8B136DB1FDC5C4F00EEF89C /* bitonic.cpp */ = {isa = PBXFileReference; lastKnownFileType = sourcecode.cpp.cpp; path = bitonic.cpp; sourceTree = "<group>"; };
		D8B136DC1FDC5C4F00EEF89C /* bitonic.hpp */ = {isa = PBXFileReference; lastKnownFileType = sourcecode.cpp.h; path = bitonic.hpp; sourceTree = "<group>"; };
		D8EB64F81FDBF6A30096264B /* Bitonic */ = {isa = PBXFileReference; explicitFileType = "compiled.mach-o.executable"; includeInIndex = 0; path = Bitonic; sourceTree = BUILT_PRODUCTS_DIR; };
/* End PBXFileReference section */

/* Begin PBXFrameworksBuildPhase section */
		D8EB64F51FDBF6A30096264B /* Frameworks */ = {
			isa = PBXFrameworksBuildPhase;
			buildActionMask = 2147483647;
			files = (
				D8B136DA1FDC136200EEF89C /* libmpi.40.dylib in Frameworks */,
			);
			runOnlyForDeploymentPostprocessing = 0;
		};
/* End PBXFrameworksBuildPhase section */

/* Begin PBXGroup section */
		D8B136D81FDC136200EEF89C /* Frameworks */ = {
			isa = PBXGroup;
			children = (
				D8B136D91FDC136200EEF89C /* libmpi.40.dylib */,
			);
			name = Frameworks;
			sourceTree = "<group>";
		};
		D8EB64EF1FDBF6A30096264B = {
			isa = PBXGroup;
			children = (
				D8EB64FA1FDBF6A30096264B /* Bitonic */,
				D8EB64F91FDBF6A30096264B /* Products */,
				D8B136D81FDC136200EEF89C /* Frameworks */,
			);
			sourceTree = "<group>";
		};
		D8EB64F91FDBF6A30096264B /* Products */ = {
			isa = PBXGroup;
			children = (
				D8EB64F81FDBF6A30096264B /* Bitonic */,
			);
			name = Products;
			sourceTree = "<group>";
		};
		D8EB64FA1FDBF6A30096264B /* Bitonic */ = {
			isa = PBXGroup;
			children = (
				D8B136DB1FDC5C4F00EEF89C /* bitonic.cpp */,
				D8B136DC1FDC5C4F00EEF89C /* bitonic.hpp */,
			);
			path = Bitonic;
			sourceTree = "<group>";
		};
/* End PBXGroup section */

/* Begin PBXNativeTarget section */
		D8EB64F71FDBF6A30096264B /* Bitonic */ = {
			isa = PBXNativeTarget;
			buildConfigurationList = D8EB64FF1FDBF6A30096264B /* Build configuration list for PBXNativeTarget "Bitonic" */;
			buildPhases = (
				D8EB64F41FDBF6A30096264B /* Sources */,
				D8EB64F51FDBF6A30096264B /* Frameworks */,
				D8EB64F61FDBF6A30096264B /* CopyFiles */,
			);
			buildRules = (
			);
			dependencies = (
			);
			name = Bitonic;
			productName = Bitonic;
			productReference = D8EB64F81FDBF6A30096264B /* Bitonic */;
			productType = "com.apple.product-type.tool";
		};
/* End PBXNativeTarget section */

/* Begin PBXProject section */
		D8EB64F01FDBF6A30096264B /* Project object */ = {
			isa = PBXProject;
			attributes = {
				LastUpgradeCheck = 0920;
				ORGANIZATIONNAME = "Nathan Liccardo";
				TargetAttributes = {
					D8EB64F71FDBF6A30096264B = {
						CreatedOnToolsVersion = 9.2;
						ProvisioningStyle = Automatic;
					};
				};
			};
			buildConfigurationList = D8EB64F31FDBF6A30096264B /* Build configuration list for PBXProject "Bitonic" */;
			compatibilityVersion = "Xcode 8.0";
			developmentRegion = en;
			hasScannedForEncodings = 0;
			knownRegions = (
				en,
			);
			mainGroup = D8EB64EF1FDBF6A30096264B;
			productRefGroup = D8EB64F91FDBF6A30096264B /* Products */;
			projectDirPath = "";
			projectRoot = "";
			targets = (
				D8EB64F71FDBF6A30096264B /* Bitonic */,
			);
		};
/* End PBXProject section */

/* Begin PBXSourcesBuildPhase section */
		D8EB64F41FDBF6A30096264B /* Sources */ = {
			isa = PBXSourcesBuildPhase;
			buildActionMask = 2147483647;
			files = (
				D8B136DD1FDC5C4F00EEF89C /* bitonic.cpp in Sources */,
			);
			runOnlyForDeploymentPostprocessing = 0;
		};
/* End PBXSourcesBuildPhase section */

/* Begin XCBuildConfiguration section */
		D8EB64FD1FDBF6A30096264B /* Debug */ = {
			isa = XCBuildConfiguration;
			buildSettings = {
				ALWAYS_SEARCH_USER_PATHS = NO;
				CLANG_ANALYZER_NONNULL = YES;
				CLANG_ANALYZER_NUMBER_OBJECT_CONVERSION = YES_AGGRESSIVE;
				CLANG_CXX_LANGUAGE_STANDARD = "gnu++14";
				CLANG_CXX_LIBRARY = "libc++";
				CLANG_ENABLE_MODULES = YES;
				CLANG_ENABLE_OBJC_ARC = YES;
				CLANG_WARN_BLOCK_CAPTURE_AUTORELEASING = YES;
				CLANG_WARN_BOOL_CONVERSION = YES;
				CLANG_WARN_COMMA = YES;
				CLANG_WARN_CONSTANT_CONVERSION = YES;
				CLANG_WARN_DIRECT_OBJC_ISA_USAGE = YES_ERROR;
				CLANG_WARN_DOCUMENTATION_COMMENTS = YES;
				CLANG_WARN_EMPTY_BODY = YES;
				CLANG_WARN_ENUM_CONVERSION = YES;
				CLANG_WARN_INFINITE_RECURSION = YES;
				CLANG_WARN_INT_CONVERSION = YES;
				CLANG_WARN_NON_LITERAL_NULL_CONVERSION = YES;
				CLANG_WARN_OBJC_LITERAL_CONVERSION = YES;
				CLANG_WARN_OBJC_ROOT_CLASS = YES_ERROR;
				CLANG_WARN_RANGE_LOOP_ANALYSIS = YES;
				CLANG_WARN_STRICT_PROTOTYPES = YES;
				CLANG_WARN_SUSPICIOUS_MOVE = YES;
				CLANG_WARN_UNGUARDED_AVAILABILITY = YES_AGGRESSIVE;
				CLANG_WARN_UNREACHABLE_CODE = YES;
				CLANG_WARN__DUPLICATE_METHOD_MATCH = YES;
				CODE_SIGN_IDENTITY = "Mac Developer";
				COPY_PHASE_STRIP = NO;
				DEBUG_INFORMATION_FORMAT = dwarf;
				ENABLE_STRICT_OBJC_MSGSEND = YES;
				ENABLE_TESTABILITY = YES;
				GCC_C_LANGUAGE_STANDARD = gnu11;
				GCC_DYNAMIC_NO_PIC = NO;
				GCC_NO_COMMON_BLOCKS = YES;
				GCC_OPTIMIZATION_LEVEL = 0;
				GCC_PREPROCESSOR_DEFINITIONS = (
					"DEBUG=1",
					"$(inherited)",
				);
				GCC_WARN_64_TO_32_BIT_CONVERSION = YES;
				GCC_WARN_ABOUT_RETURN_TYPE = YES_ERROR;
				GCC_WARN_UNDECLARED_SELECTOR = YES;
				GCC_WARN_UNINITIALIZED_AUTOS = YES_AGGRESSIVE;
				GCC_WARN_UNUSED_FUNCTION = YES;
				GCC_WARN_UNUSED_VARIABLE = YES;
				MACOSX_DEPLOYMENT_TARGET = 10.13;
				MTL_ENABLE_DEBUG_INFO = YES;
				ONLY_ACTIVE_ARCH = YES;
				SDKROOT = macosx;
			};
			name = Debug;
		};
		D8EB64FE1FDBF6A30096264B /* Release */ = {
			isa = XCBuildConfiguration;
			buildSettings = {
				ALWAYS_SEARCH_USER_PATHS = NO;
				CLANG_ANALYZER_NONNULL = YES;
				CLANG_ANALYZER_NUMBER_OBJECT_CONVERSION = YES_AGGRESSIVE;
				CLANG_CXX_LANGUAGE_STANDARD = "gnu++14";
				CLANG_CXX_LIBRARY = "libc++";
				CLANG_ENABLE_MODULES = YES;
				CLANG_ENABLE_OBJC_ARC = YES;
				CLANG_WARN_BLOCK_CAPTURE_AUTORELEASING = YES;
				CLANG_WARN_BOOL_CONVERSION = YES;
				CLANG_WARN_COMMA = YES;
				CLANG_WARN_CONSTANT_CONVERSION = YES;
				CLANG_WARN_DIRECT_OBJC_ISA_USAGE = YES_ERROR;
				CLANG_WARN_DOCUMENTATION_COMMENTS = YES;
				CLANG_WARN_EMPTY_BODY = YES;
				CLANG_WARN_ENUM_CONVERSION = YES;
				CLANG_WARN_INFINITE_RECURSION = YES;
				CLANG_WARN_INT_CONVERSION = YES;
				CLANG_WARN_NON_LITERAL_NULL_CONVERSION = YES;
				CLANG_WARN_OBJC_LITERAL_CONVERSION = YES;
				CLANG_WARN_OBJC_ROOT_CLASS = YES_ERROR;
				CLANG_WARN_RANGE_LOOP_ANALYSIS = YES;
				CLANG_WARN_STRICT_PROTOTYPES = YES;
				CLANG_WARN_SUSPICIOUS_MOVE = YES;
				CLANG_WARN_UNGUARDED_AVAILABILITY = YES_AGGRESSIVE;
				CLANG_WARN_UNREACHABLE_CODE = YES;
				CLANG_WARN__DUPLICATE_METHOD_MATCH = YES;
				CODE_SIGN_IDENTITY = "Mac Developer";
				COPY_PHASE_STRIP = NO;
				DEBUG_INFORMATION_FORMAT = "dwarf-with-dsym";
				ENABLE_NS_ASSERTIONS = NO;
				ENABLE_STRICT_OBJC_MSGSEND = YES;
				GCC_C_LANGUAGE_STANDARD = gnu11;
				GCC_NO_COMMON_BLOCKS = YES;
				GCC_WARN_64_TO_32_BIT_CONVERSION = YES;
				GCC_WARN_ABOUT_RETURN_TYPE = YES_ERROR;
				GCC_WARN_UNDECLARED_SELECTOR = YES;
				GCC_WARN_UNINITIALIZED_AUTOS = YES_AGGRESSIVE;
				GCC_WARN_UNUSED_FUNCTION = YES;
				GCC_WARN_UNUSED_VARIABLE = YES;
				MACOSX_DEPLOYMENT_TARGET = 10.13;
				MTL_ENABLE_DEBUG_INFO = NO;
				SDKROOT = macosx;
			};
			name = Release;
		};
		D8EB65001FDBF6A30096264B /* Debug */ = {
			isa = XCBuildConfiguration;
			buildSettings = {
				CODE_SIGN_STYLE = Automatic;
				DEVELOPMENT_TEAM = 7G467FY4C3;
				LIBRARY_SEARCH_PATHS = (
					"/usr/local/Cellar/open-mpi/3.0.0/bin/",
					"/usr/local/Cellar/open-mpi/3.0.0/lib",
				);
				PRODUCT_NAME = "$(TARGET_NAME)";
				USER_HEADER_SEARCH_PATHS = "/usr/local/Cellar/open-mpi/3.0.0/include/";
			};
			name = Debug;
		};
		D8EB65011FDBF6A30096264B /* Release */ = {
			isa = XCBuildConfiguration;
			buildSettings = {
				CODE_SIGN_STYLE = Automatic;
				DEVELOPMENT_TEAM = 7G467FY4C3;
				LIBRARY_SEARCH_PATHS = (
					"/usr/local/Cellar/open-mpi/3.0.0/bin/",
					"/usr/local/Cellar/open-mpi/3.0.0/lib",
				);
				PRODUCT_NAME = "$(TARGET_NAME)";
				USER_HEADER_SEARCH_PATHS = "/usr/local/Cellar/open-mpi/3.0.0/include/";
			};
			name = Release;
		};
/* End XCBuildConfiguration section */

/* Begin XCConfigurationList section */
		D8EB64F31FDBF6A30096264B /* Build configuration list for PBXProject "Bitonic" */ = {
			isa = XCConfigurationList;
			buildConfigurations = (
				D8EB64FD1FDBF6A30096264B /* Debug */,
				D8EB64FE1FDBF6A30096264B /* Release */,
			);
			defaultConfigurationIsVisible = 0;
			defaultConfigurationName = Release;
		};
		D8EB64FF1FDBF6A30096264B /* Build configuration list for PBXNativeTarget "Bitonic" */ = {
			isa = XCConfigurationList;
			buildConfigurations = (
				D8EB65001FDBF6A30096264B /* Debug */,
				D8EB65011FDBF6A30096264B /* Release */,
			);
			defaultConfigurationIsVisible = 0;
			defaultConfigurationName = Release;
		};
/* End XCConfigurationList section */
	};
	rootObject = D8EB64F01FDBF6A30096264B /* Project object */;
}
